
Microsoft Visual Studio Solution File, Format Version 12.00
# Visual Studio 2013
VisualStudioVersion = 12.0.21005.1
MinimumVisualStudioVersion = 10.0.40219.1
Project("{8BC9CEB8-8B4A-11D0-8D11-00A0C91BC942}") = "OCLWrapper", "ConsoleApplication4\ConsoleApplication4.vcxproj", "{7581792F-59A9-481D-B89D-0A55EC267125}"
EndProject
Global
	GlobalSection(TeamFoundationVersionControl) = preSolution
		SccNumberOfProjects = 2
		SccEnterpriseProvider = {4CA58AB2-18FA-4F8D-95D4-32DDF27D184C}
		SccTeamFoundationServer = https://moiraine.visualstudio.com/defaultcollection
		SccProjectUniqueName0 = ConsoleApplication4\\ConsoleApplication4.vcxproj
		SccProjectName0 = ConsoleApplication4
		SccLocalPath0 = ConsoleApplication4
		SccLocalPath1 = .
	EndGlobalSection
	GlobalSection(SolutionConfigurationPlatforms) = preSolution
		Debug|Win32 = Debug|Win32
		Debug|x64 = Debug|x64
		Release|Win32 = Release|Win32
		Release|x64 = Release|x64
	EndGlobalSection
	GlobalSection(ProjectConfigurationPlatforms) = postSolution
		{7581792F-59A9-481D-B89D-0A55EC267125}.Debug|Win32.ActiveCfg = Debug|x64
		{7581792F-59A9-481D-B89D-0A55EC267125}.Debug|Win32.Build.0 = Debug|x64
		{7581792F-59A9-481D-B89D-0A55EC267125}.Debug|x64.ActiveCfg = Debug|x64
		{7581792F-59A9-481D-B89D-0A55EC267125}.Debug|x64.Build.0 = Debug|x64
		{7581792F-59A9-481D-B89D-0A55EC267125}.Release|Win32.ActiveCfg = Release|Win32
		{7581792F-59A9-481D-B89D-0A55EC267125}.Release|Win32.Build.0 = Release|Win32
		{7581792F-59A9-481D-B89D-0A55EC267125}.Release|x64.ActiveCfg = Release|x64
		{7581792F-59A9-481D-B89D-0A55EC267125}.Release|x64.Build.0 = Release|x64
	EndGlobalSection
	GlobalSection(SolutionProperties) = preSolution
		HideSolutionNode = FALSE
	EndGlobalSection
EndGlobal
